{
    "_readme": [
        "This file locks the dependencies of your project to a known state",
        "Read more about it at https://getcomposer.org/doc/01-basic-usage.md#installing-dependencies",
        "This file is @generated automatically"
    ],
    "content-hash": "272fb714a1673eb8d6a587570fdd507c",
    "packages": [
        {
            "name": "psr/simple-cache",
            "version": "3.0.0",
            "source": {
                "type": "git",
                "url": "https://github.com/php-fig/simple-cache.git",
                "reference": "764e0b3939f5ca87cb904f570ef9be2d78a07865"
            },
            "dist": {
                "type": "zip",
                "url": "https://api.github.com/repos/php-fig/simple-cache/zipball/764e0b3939f5ca87cb904f570ef9be2d78a07865",
                "reference": "764e0b3939f5ca87cb904f570ef9be2d78a07865",
                "shasum": ""
            },
            "require": {
                "php": ">=8.0.0"
            },
            "type": "library",
            "extra": {
                "branch-alias": {
                    "dev-master": "3.0.x-dev"
                }
            },
            "autoload": {
                "psr-4": {
                    "Psr\\SimpleCache\\": "src/"
                }
            },
            "notification-url": "https://packagist.org/downloads/",
            "license": [
                "MIT"
            ],
            "authors": [
                {
                    "name": "PHP-FIG",
                    "homepage": "https://www.php-fig.org/"
                }
            ],
            "description": "Common interfaces for simple caching",
            "keywords": [
                "cache",
                "caching",
                "psr",
                "psr-16",
                "simple-cache"
            ],
            "support": {
                "source": "https://github.com/php-fig/simple-cache/tree/3.0.0"
            },
            "time": "2021-10-29T13:26:27+00:00"
        }
    ],
    "packages-dev": [
        {
            "name": "laravel/pint",
            "version": "v1.6.0",
            "source": {
                "type": "git",
                "url": "https://github.com/laravel/pint.git",
                "reference": "e48e3fadd7863d6b7d03464f5c4f211a828b890f"
            },
            "dist": {
                "type": "zip",
                "url": "https://api.github.com/repos/laravel/pint/zipball/e48e3fadd7863d6b7d03464f5c4f211a828b890f",
                "reference": "e48e3fadd7863d6b7d03464f5c4f211a828b890f",
                "shasum": ""
            },
            "require": {
                "ext-json": "*",
                "ext-mbstring": "*",
                "ext-tokenizer": "*",
                "ext-xml": "*",
                "php": "^8.1.0"
            },
            "require-dev": {
                "friendsofphp/php-cs-fixer": "^3.14.4",
                "illuminate/view": "^10.0.0",
                "laravel-zero/framework": "^10.0.0",
                "mockery/mockery": "^1.5.1",
                "nunomaduro/larastan": "^2.4.0",
                "nunomaduro/termwind": "^1.15.1",
                "pestphp/pest": "^1.22.4"
            },
            "bin": [
                "builds/pint"
            ],
            "type": "project",
            "autoload": {
                "psr-4": {
                    "App\\": "app/",
                    "Database\\Seeders\\": "database/seeders/",
                    "Database\\Factories\\": "database/factories/"
                }
            },
            "notification-url": "https://packagist.org/downloads/",
            "license": [
                "MIT"
            ],
            "authors": [
                {
                    "name": "Nuno Maduro",
                    "email": "enunomaduro@gmail.com"
                }
            ],
            "description": "An opinionated code formatter for PHP.",
            "homepage": "https://laravel.com",
            "keywords": [
                "format",
                "formatter",
                "lint",
                "linter",
                "php"
            ],
            "support": {
                "issues": "https://github.com/laravel/pint/issues",
                "source": "https://github.com/laravel/pint"
            },
            "time": "2023-02-21T15:44:57+00:00"
        },
        {
            "name": "phpstan/phpstan",
            "version": "1.10.56",
            "source": {
                "type": "git",
                "url": "https://github.com/phpstan/phpstan.git",
                "reference": "27816a01aea996191ee14d010f325434c0ee76fa"
            },
            "dist": {
                "type": "zip",
                "url": "https://api.github.com/repos/phpstan/phpstan/zipball/27816a01aea996191ee14d010f325434c0ee76fa",
                "reference": "27816a01aea996191ee14d010f325434c0ee76fa",
                "shasum": ""
            },
            "require": {
                "php": "^7.2|^8.0"
            },
            "conflict": {
                "phpstan/phpstan-shim": "*"
            },
            "bin": [
                "phpstan",
                "phpstan.phar"
            ],
            "type": "library",
            "autoload": {
                "files": [
                    "bootstrap.php"
                ]
            },
            "notification-url": "https://packagist.org/downloads/",
            "license": [
                "MIT"
            ],
            "description": "PHPStan - PHP Static Analysis Tool",
            "keywords": [
                "dev",
                "static analysis"
            ],
            "support": {
                "docs": "https://phpstan.org/user-guide/getting-started",
                "forum": "https://github.com/phpstan/phpstan/discussions",
                "issues": "https://github.com/phpstan/phpstan/issues",
                "security": "https://github.com/phpstan/phpstan/security/policy",
                "source": "https://github.com/phpstan/phpstan-src"
            },
            "funding": [
                {
                    "url": "https://github.com/ondrejmirtes",
                    "type": "github"
                },
                {
                    "url": "https://github.com/phpstan",
                    "type": "github"
                },
                {
                    "url": "https://tidelift.com/funding/github/packagist/phpstan/phpstan",
                    "type": "tidelift"
                }
            ],
            "time": "2024-01-15T10:43:00+00:00"
        },
        {
            "name": "psalm/phar",
            "version": "5.19.0",
            "source": {
                "type": "git",
                "url": "https://github.com/psalm/phar.git",
                "reference": "ec7ecda263af008af9ab74432e309278f31f1e02"
            },
            "dist": {
                "type": "zip",
                "url": "https://api.github.com/repos/psalm/phar/zipball/ec7ecda263af008af9ab74432e309278f31f1e02",
                "reference": "ec7ecda263af008af9ab74432e309278f31f1e02",
                "shasum": ""
            },
            "require": {
                "php": "^7.1 || ^8.0"
            },
            "conflict": {
                "vimeo/psalm": "*"
            },
            "bin": [
                "psalm.phar"
            ],
            "type": "library",
            "notification-url": "https://packagist.org/downloads/",
            "license": [
                "MIT"
            ],
            "description": "Composer-based Psalm Phar",
            "support": {
                "issues": "https://github.com/psalm/phar/issues",
                "source": "https://github.com/psalm/phar/tree/5.19.0"
            },
            "time": "2024-01-09T21:19:15+00:00"
        },
        {
            "name": "swew/cli",
            "version": "v1.1.17",
            "source": {
                "type": "git",
                "url": "https://github.com/swew-app/cli.git",
                "reference": "f01b44b6b3458e1661b4add5b31c93654ed4b60f"
            },
            "dist": {
                "type": "zip",
                "url": "https://api.github.com/repos/swew-app/cli/zipball/f01b44b6b3458e1661b4add5b31c93654ed4b60f",
                "reference": "f01b44b6b3458e1661b4add5b31c93654ed4b60f",
                "shasum": ""
            },
            "require": {
                "php": ">=8.1"
            },
            "require-dev": {
                "laravel/pint": "1.9.0",
                "phpstan/phpstan": "^1.10.53",
                "psalm/phar": "^5.18.0",
                "swew/dd": "^1.3.1",
                "swew/test.phar": "^1.5.13"
            },
            "type": "library",
            "autoload": {
                "files": [
                    "src/Functions/Functions.php"
                ],
                "psr-4": {
                    "Swew\\Cli\\": "src/"
                },
                "exclude-from-classmap": [
                    "spec",
                    "/Tests/",
                    "/test/",
                    "/tests/"
                ]
            },
            "notification-url": "https://packagist.org/downloads/",
            "license": [
                "MIT"
            ],
            "authors": [
                {
                    "name": "AVIL13",
                    "email": "avil@swew.app"
                }
            ],
            "description": "SWEW/CLI: A PHP package for streamlined command line interface (CLI) development, providing an intuitive API for creating custom commands, handling input/output, and executing command logic effortlessly. Simplify your CLI application development with rapid development.",
            "keywords": [
                "cli",
                "command-line",
                "console",
                "formatting",
                "input",
                "output",
                "program",
                "prompt",
                "terminal",
                "utility"
            ],
            "support": {
                "issues": "https://github.com/swew-app/cli/issues",
                "source": "https://github.com/swew-app/cli/tree/v1.1.17"
            },
            "time": "2024-01-05T18:39:45+00:00"
        },
        {
            "name": "swew/dd",
            "version": "v1.4.2",
            "source": {
                "type": "git",
                "url": "https://github.com/swew-app/dd.git",
                "reference": "afcb52970e149fd5d01dd2916d1e3a95f841e1c0"
            },
            "dist": {
                "type": "zip",
                "url": "https://api.github.com/repos/swew-app/dd/zipball/afcb52970e149fd5d01dd2916d1e3a95f841e1c0",
                "reference": "afcb52970e149fd5d01dd2916d1e3a95f841e1c0",
                "shasum": ""
            },
            "type": "library",
            "autoload": {
                "files": [
                    "src/dd.php"
                ]
            },
            "notification-url": "https://packagist.org/downloads/",
            "license": [
                "MIT"
            ],
            "authors": [
                {
                    "name": "AVIL13",
                    "email": "avil@swew.app"
                }
            ],
            "description": "The simplest way to debug variables. As in Laravel.",
            "support": {
                "issues": "https://github.com/swew-app/dd/issues",
                "source": "https://github.com/swew-app/dd/tree/v1.4.2"
            },
            "time": "2024-01-11T09:55:43+00:00"
        },
        {
            "name": "swew/test",
            "version": "v1.5.16",
            "source": {
                "type": "git",
                "url": "https://github.com/swew-app/test.git",
                "reference": "26eaf53cc23a5ad105b943e84831a4d4d2f239e2"
            },
            "dist": {
                "type": "zip",
                "url": "https://api.github.com/repos/swew-app/test/zipball/26eaf53cc23a5ad105b943e84831a4d4d2f239e2",
                "reference": "26eaf53cc23a5ad105b943e84831a4d4d2f239e2",
                "shasum": ""
            },
            "require": {
                "ext-json": "*",
                "php": ">=8.1",
                "swew/cli": "^1.1.17",
                "swew/dd": "^1.3.1"
            },
            "require-dev": {
                "laravel/pint": "v1.10.0",
                "phpstan/phpstan": "^1.10.54",
                "psalm/phar": "5.10.0"
            },
            "bin": [
                "bin/t"
            ],
            "type": "library",
            "autoload": {
                "files": [
                    "src/Functions.php"
                ],
                "psr-4": {
                    "Swew\\Test\\": "src/"
                },
                "exclude-from-classmap": [
                    "spec",
                    "/Tests/",
                    "/test/",
                    "/tests/"
                ]
            },
            "notification-url": "https://packagist.org/downloads/",
            "license": [
                "MIT"
            ],
            "authors": [
                {
                    "name": "AVIL13",
                    "email": "avil@swew.app"
                }
            ],
            "description": "A test framework that is designed to fix the fatal flaw of other test frameworks.",
            "keywords": [
                "TDD",
                "fast",
                "informative interface",
                "lightweight",
                "testing"
            ],
            "support": {
                "issues": "https://github.com/swew-app/test/issues",
                "source": "https://github.com/swew-app/test/tree/v1.5.16"
            },
            "time": "2024-01-07T15:05:20+00:00"
        }
    ],
    "aliases": [],
    "minimum-stability": "stable",
    "stability-flags": [],
    "prefer-stable": false,
    "prefer-lowest": false,
    "platform": {
        "php": ">=8.1"
    },
    "platform-dev": [],
    "platform-overrides": {
        "php": "8.1"
    },
    "plugin-api-version": "2.6.0"
}
