{
    "_readme": [
        "This file locks the dependencies of your project to a known state",
        "Read more about it at https://getcomposer.org/doc/01-basic-usage.md#installing-dependencies",
        "This file is @generated automatically"
    ],
    "content-hash": "0c36b6dd196cd9e8ad9dfad04f02b0ec",
    "packages": [
        {
            "name": "psr/simple-cache",
            "version": "3.0.0",
            "source": {
                "type": "git",
                "url": "https://github.com/php-fig/simple-cache.git",
                "reference": "764e0b3939f5ca87cb904f570ef9be2d78a07865"
            },
            "dist": {
                "type": "zip",
                "url": "https://api.github.com/repos/php-fig/simple-cache/zipball/764e0b3939f5ca87cb904f570ef9be2d78a07865",
                "reference": "764e0b3939f5ca87cb904f570ef9be2d78a07865",
                "shasum": ""
            },
            "require": {
                "php": ">=8.0.0"
            },
            "type": "library",
            "extra": {
                "branch-alias": {
                    "dev-master": "3.0.x-dev"
                }
            },
            "autoload": {
                "psr-4": {
                    "Psr\\SimpleCache\\": "src/"
                }
            },
            "notification-url": "https://packagist.org/downloads/",
            "license": [
                "MIT"
            ],
            "authors": [
                {
                    "name": "PHP-FIG",
                    "homepage": "https://www.php-fig.org/"
                }
            ],
            "description": "Common interfaces for simple caching",
            "keywords": [
                "cache",
                "caching",
                "psr",
                "psr-16",
                "simple-cache"
            ],
            "support": {
                "source": "https://github.com/php-fig/simple-cache/tree/3.0.0"
            },
            "time": "2021-10-29T13:26:27+00:00"
        }
    ],
    "packages-dev": [
        {
            "name": "laravel/pint",
            "version": "v1.6.0",
            "source": {
                "type": "git",
                "url": "https://github.com/laravel/pint.git",
                "reference": "e48e3fadd7863d6b7d03464f5c4f211a828b890f"
            },
            "dist": {
                "type": "zip",
                "url": "https://api.github.com/repos/laravel/pint/zipball/e48e3fadd7863d6b7d03464f5c4f211a828b890f",
                "reference": "e48e3fadd7863d6b7d03464f5c4f211a828b890f",
                "shasum": ""
            },
            "require": {
                "ext-json": "*",
                "ext-mbstring": "*",
                "ext-tokenizer": "*",
                "ext-xml": "*",
                "php": "^8.1.0"
            },
            "require-dev": {
                "friendsofphp/php-cs-fixer": "^3.14.4",
                "illuminate/view": "^10.0.0",
                "laravel-zero/framework": "^10.0.0",
                "mockery/mockery": "^1.5.1",
                "nunomaduro/larastan": "^2.4.0",
                "nunomaduro/termwind": "^1.15.1",
                "pestphp/pest": "^1.22.4"
            },
            "bin": [
                "builds/pint"
            ],
            "type": "project",
            "autoload": {
                "psr-4": {
                    "App\\": "app/",
                    "Database\\Seeders\\": "database/seeders/",
                    "Database\\Factories\\": "database/factories/"
                }
            },
            "notification-url": "https://packagist.org/downloads/",
            "license": [
                "MIT"
            ],
            "authors": [
                {
                    "name": "Nuno Maduro",
                    "email": "enunomaduro@gmail.com"
                }
            ],
            "description": "An opinionated code formatter for PHP.",
            "homepage": "https://laravel.com",
            "keywords": [
                "format",
                "formatter",
                "lint",
                "linter",
                "php"
            ],
            "support": {
                "issues": "https://github.com/laravel/pint/issues",
                "source": "https://github.com/laravel/pint"
            },
            "time": "2023-02-21T15:44:57+00:00"
        },
        {
            "name": "phpstan/phpstan",
            "version": "1.10.3",
            "source": {
                "type": "git",
                "url": "https://github.com/phpstan/phpstan.git",
                "reference": "5419375b5891add97dc74be71e6c1c34baaddf64"
            },
            "dist": {
                "type": "zip",
                "url": "https://api.github.com/repos/phpstan/phpstan/zipball/5419375b5891add97dc74be71e6c1c34baaddf64",
                "reference": "5419375b5891add97dc74be71e6c1c34baaddf64",
                "shasum": ""
            },
            "require": {
                "php": "^7.2|^8.0"
            },
            "conflict": {
                "phpstan/phpstan-shim": "*"
            },
            "bin": [
                "phpstan",
                "phpstan.phar"
            ],
            "type": "library",
            "autoload": {
                "files": [
                    "bootstrap.php"
                ]
            },
            "notification-url": "https://packagist.org/downloads/",
            "license": [
                "MIT"
            ],
            "description": "PHPStan - PHP Static Analysis Tool",
            "keywords": [
                "dev",
                "static analysis"
            ],
            "support": {
                "issues": "https://github.com/phpstan/phpstan/issues",
                "source": "https://github.com/phpstan/phpstan/tree/1.10.3"
            },
            "funding": [
                {
                    "url": "https://github.com/ondrejmirtes",
                    "type": "github"
                },
                {
                    "url": "https://github.com/phpstan",
                    "type": "github"
                },
                {
                    "url": "https://tidelift.com/funding/github/packagist/phpstan/phpstan",
                    "type": "tidelift"
                }
            ],
            "time": "2023-02-25T14:47:13+00:00"
        },
        {
            "name": "psalm/phar",
            "version": "5.7.6",
            "source": {
                "type": "git",
                "url": "https://github.com/psalm/phar.git",
                "reference": "4a7fc6f671a9e8c44c81ea35a1a1978d40e95478"
            },
            "dist": {
                "type": "zip",
                "url": "https://api.github.com/repos/psalm/phar/zipball/4a7fc6f671a9e8c44c81ea35a1a1978d40e95478",
                "reference": "4a7fc6f671a9e8c44c81ea35a1a1978d40e95478",
                "shasum": ""
            },
            "require": {
                "php": "^7.1 || ^8.0"
            },
            "conflict": {
                "vimeo/psalm": "*"
            },
            "bin": [
                "psalm.phar"
            ],
            "type": "library",
            "notification-url": "https://packagist.org/downloads/",
            "license": [
                "MIT"
            ],
            "description": "Composer-based Psalm Phar",
            "support": {
                "issues": "https://github.com/psalm/phar/issues",
                "source": "https://github.com/psalm/phar/tree/5.7.6"
            },
            "time": "2023-02-24T19:50:34+00:00"
        },
        {
            "name": "swew/dd",
            "version": "v1.0.0",
            "source": {
                "type": "git",
                "url": "https://github.com/swew-app/dd.git",
                "reference": "72bc152d022ec2d25f8d055eaefd538ea5b77d45"
            },
            "dist": {
                "type": "zip",
                "url": "https://api.github.com/repos/swew-app/dd/zipball/72bc152d022ec2d25f8d055eaefd538ea5b77d45",
                "reference": "72bc152d022ec2d25f8d055eaefd538ea5b77d45",
                "shasum": ""
            },
            "type": "library",
            "autoload": {
                "files": [
                    "src/dd.php"
                ]
            },
            "notification-url": "https://packagist.org/downloads/",
            "license": [
                "MIT"
            ],
            "authors": [
                {
                    "name": "AVIL13",
                    "email": "avil@swew.app"
                }
            ],
            "description": "The simplest way to debug variables. As in Laravel.",
            "support": {
                "issues": "https://github.com/swew-app/dd/issues",
                "source": "https://github.com/swew-app/dd/tree/v1.0.0"
            },
            "time": "2022-08-02T14:43:39+00:00"
        },
        {
            "name": "swew/test",
            "version": "v1.1.0",
            "source": {
                "type": "git",
                "url": "https://github.com/swew-app/test.git",
                "reference": "c69b621a99a63a8d28b5be44295b5187f91d8ec7"
            },
            "dist": {
                "type": "zip",
                "url": "https://api.github.com/repos/swew-app/test/zipball/c69b621a99a63a8d28b5be44295b5187f91d8ec7",
                "reference": "c69b621a99a63a8d28b5be44295b5187f91d8ec7",
                "shasum": ""
            },
            "require": {
                "php": ">=8.1"
            },
            "require-dev": {
                "laravel/pint": "v1.6.0",
                "phpstan/phpstan": "^1.10.3",
                "psalm/phar": "^5.7.6",
                "swew/dd": "^v1.0.0"
            },
            "bin": [
                "bin/t"
            ],
            "type": "library",
            "extra": {
                "branch-alias": {
                    "dev-master": "1.x-dev"
                }
            },
            "autoload": {
                "files": [
                    "src/Functions.php"
                ],
                "psr-4": {
                    "Swew\\Test\\": "src/"
                },
                "exclude-from-classmap": [
                    "spec",
                    "/Tests/",
                    "/test/",
                    "/tests/"
                ]
            },
            "notification-url": "https://packagist.org/downloads/",
            "license": [
                "MIT"
            ],
            "authors": [
                {
                    "name": "AVIL13",
                    "email": "avil@swew.app"
                }
            ],
            "description": "A test framework that is designed to fix the fatal flaw of other test frameworks.",
            "keywords": [
                "TDD",
                "fast",
                "informative interface",
                "lightweight",
                "testing"
            ],
            "support": {
                "issues": "https://github.com/swew-app/test/issues",
                "source": "https://github.com/swew-app/test/tree/v1.1.0"
            },
            "time": "2023-02-27T21:12:33+00:00"
        }
    ],
    "aliases": [],
    "minimum-stability": "stable",
    "stability-flags": [],
    "prefer-stable": false,
    "prefer-lowest": false,
    "platform": {
        "php": ">=8.1"
    },
    "platform-dev": [],
    "platform-overrides": {
        "php": "8.1"
    },
    "plugin-api-version": "2.3.0"
}
